
Microsoft Visual Studio Solution File, Format Version 12.00
# Visual Studio 15
VisualStudioVersion = 15.0.26403.0
MinimumVisualStudioVersion = 10.0.40219.1
Project("{FAE04EC0-301F-11D3-BF4B-00C04F79EFBC}") = "ArrayContainsElement", "ArrayContainsElement\ArrayContainsElement.csproj", "{EF282B79-2A66-4C52-B3FB-13AF7BFF7543}"
EndProject
Project("{FAE04EC0-301F-11D3-BF4B-00C04F79EFBC}") = "SmallestElementInArray", "SmallestElementInArray\SmallestElementInArray.csproj", "{047FF0D1-F69C-4860-88EA-044F85C3EB9F}"
EndProject
Project("{FAE04EC0-301F-11D3-BF4B-00C04F79EFBC}") = "ReverseArrayInPlace", "ReverseArrayInPlace\ReverseArrayInPlace.csproj", "{9338973A-02B4-4631-8B10-9A6B950BCDDC}"
EndProject
Project("{FAE04EC0-301F-11D3-BF4B-00C04F79EFBC}") = "SortArrayUsingBubbleSort", "SortArrayUsingBubbleSort\SortArrayUsingBubbleSort.csproj", "{B183B4A4-8DFE-4C2A-B011-730BCFA268D5}"
EndProject
Project("{FAE04EC0-301F-11D3-BF4B-00C04F79EFBC}") = "SortArrayUsingInsertionSort", "SortArrayUsingInsertionSort\SortArrayUsingInsertionSort.csproj", "{A7111166-2A33-45C9-8E6B-F96C57095539}"
EndProject
Project("{FAE04EC0-301F-11D3-BF4B-00C04F79EFBC}") = "InsertionSortUsingList", "InsertionSortUsingList\InsertionSortUsingList.csproj", "{C301B825-C437-4A82-9845-C1A48CFF9313}"
EndProject
Project("{FAE04EC0-301F-11D3-BF4B-00C04F79EFBC}") = "LargestNelements", "LargestNelements\LargestNelements.csproj", "{9065BF0B-CAF0-4004-84CA-EBA788998389}"
EndProject
Global
	GlobalSection(SolutionConfigurationPlatforms) = preSolution
		Debug|Any CPU = Debug|Any CPU
		Release|Any CPU = Release|Any CPU
	EndGlobalSection
	GlobalSection(ProjectConfigurationPlatforms) = postSolution
		{EF282B79-2A66-4C52-B3FB-13AF7BFF7543}.Debug|Any CPU.ActiveCfg = Debug|Any CPU
		{EF282B79-2A66-4C52-B3FB-13AF7BFF7543}.Debug|Any CPU.Build.0 = Debug|Any CPU
		{EF282B79-2A66-4C52-B3FB-13AF7BFF7543}.Release|Any CPU.ActiveCfg = Release|Any CPU
		{EF282B79-2A66-4C52-B3FB-13AF7BFF7543}.Release|Any CPU.Build.0 = Release|Any CPU
		{047FF0D1-F69C-4860-88EA-044F85C3EB9F}.Debug|Any CPU.ActiveCfg = Debug|Any CPU
		{047FF0D1-F69C-4860-88EA-044F85C3EB9F}.Debug|Any CPU.Build.0 = Debug|Any CPU
		{047FF0D1-F69C-4860-88EA-044F85C3EB9F}.Release|Any CPU.ActiveCfg = Release|Any CPU
		{047FF0D1-F69C-4860-88EA-044F85C3EB9F}.Release|Any CPU.Build.0 = Release|Any CPU
		{9338973A-02B4-4631-8B10-9A6B950BCDDC}.Debug|Any CPU.ActiveCfg = Debug|Any CPU
		{9338973A-02B4-4631-8B10-9A6B950BCDDC}.Debug|Any CPU.Build.0 = Debug|Any CPU
		{9338973A-02B4-4631-8B10-9A6B950BCDDC}.Release|Any CPU.ActiveCfg = Release|Any CPU
		{9338973A-02B4-4631-8B10-9A6B950BCDDC}.Release|Any CPU.Build.0 = Release|Any CPU
		{B183B4A4-8DFE-4C2A-B011-730BCFA268D5}.Debug|Any CPU.ActiveCfg = Debug|Any CPU
		{B183B4A4-8DFE-4C2A-B011-730BCFA268D5}.Debug|Any CPU.Build.0 = Debug|Any CPU
		{B183B4A4-8DFE-4C2A-B011-730BCFA268D5}.Release|Any CPU.ActiveCfg = Release|Any CPU
		{B183B4A4-8DFE-4C2A-B011-730BCFA268D5}.Release|Any CPU.Build.0 = Release|Any CPU
		{A7111166-2A33-45C9-8E6B-F96C57095539}.Debug|Any CPU.ActiveCfg = Debug|Any CPU
		{A7111166-2A33-45C9-8E6B-F96C57095539}.Debug|Any CPU.Build.0 = Debug|Any CPU
		{A7111166-2A33-45C9-8E6B-F96C57095539}.Release|Any CPU.ActiveCfg = Release|Any CPU
		{A7111166-2A33-45C9-8E6B-F96C57095539}.Release|Any CPU.Build.0 = Release|Any CPU
		{C301B825-C437-4A82-9845-C1A48CFF9313}.Debug|Any CPU.ActiveCfg = Debug|Any CPU
		{C301B825-C437-4A82-9845-C1A48CFF9313}.Debug|Any CPU.Build.0 = Debug|Any CPU
		{C301B825-C437-4A82-9845-C1A48CFF9313}.Release|Any CPU.ActiveCfg = Release|Any CPU
		{C301B825-C437-4A82-9845-C1A48CFF9313}.Release|Any CPU.Build.0 = Release|Any CPU
		{9065BF0B-CAF0-4004-84CA-EBA788998389}.Debug|Any CPU.ActiveCfg = Debug|Any CPU
		{9065BF0B-CAF0-4004-84CA-EBA788998389}.Debug|Any CPU.Build.0 = Debug|Any CPU
		{9065BF0B-CAF0-4004-84CA-EBA788998389}.Release|Any CPU.ActiveCfg = Release|Any CPU
		{9065BF0B-CAF0-4004-84CA-EBA788998389}.Release|Any CPU.Build.0 = Release|Any CPU
	EndGlobalSection
	GlobalSection(SolutionProperties) = preSolution
		HideSolutionNode = FALSE
	EndGlobalSection
EndGlobal
